// !$*UTF8*$!
{
	archiveVersion = 1;
	classes = {
	};
	objectVersion = 77;
	objects = {

/* Begin PBXContainerItemProxy section */
		B23BCB142F340AF70030B005 /* PBXContainerItemProxy */ = {
			isa = PBXContainerItemProxy;
			containerPortal = B23BCAFA2F340AF60030B005 /* Project object */;
			proxyType = 1;
			remoteGlobalIDString = B23BCB012F340AF60030B005;
			remoteInfo = AIPaperReader;
		};
		B23BCB1E2F340AF70030B005 /* PBXContainerItemProxy */ = {
			isa = PBXContainerItemProxy;
			containerPortal = B23BCAFA2F340AF60030B005 /* Project object */;
			proxyType = 1;
			remoteGlobalIDString = B23BCB012F340AF60030B005;
			remoteInfo = AIPaperReader;
		};
/* End PBXContainerItemProxy section */

/* Begin PBXFileReference section */
		B23BCB022F340AF60030B005 /* AIPaperReader.app */ = {isa = PBXFileReference; explicitFileType = wrapper.application; includeInIndex = 0; path = AIPaperReader.app; sourceTree = BUILT_PRODUCTS_DIR; };
		B23BCB132F340AF70030B005 /* AIPaperReaderTests.xctest */ = {isa = PBXFileReference; explicitFileType = wrapper.cfbundle; includeInIndex = 0; path = AIPaperReaderTests.xctest; sourceTree = BUILT_PRODUCTS_DIR; };
		B23BCB1D2F340AF70030B005 /* AIPaperReaderUITests.xctest */ = {isa = PBXFileReference; explicitFileType = wrapper.cfbundle; includeInIndex = 0; path = AIPaperReaderUITests.xctest; sourceTree = BUILT_PRODUCTS_DIR; };
/* End PBXFileReference section */

/* Begin PBXFileSystemSynchronizedRootGroup section */
		B23BCB042F340AF60030B005 /* AIPaperReader */ = {
			isa = PBXFileSystemSynchronizedRootGroup;
			path = AIPaperReader;
			sourceTree = "<group>";
		};
		B23BCB162F340AF70030B005 /* AIPaperReaderTests */ = {
			isa = PBXFileSystemSynchronizedRootGroup;
			path = AIPaperReaderTests;
			sourceTree = "<group>";
		};
		B23BCB202F340AF70030B005 /* AIPaperReaderUITests */ = {
			isa = PBXFileSystemSynchronizedRootGroup;
			path = AIPaperReaderUITests;
			sourceTree = "<group>";
		};
/* End PBXFileSystemSynchronizedRootGroup section */

/* Begin PBXFrameworksBuildPhase section */
		B23BCAFF2F340AF60030B005 /* Frameworks */ = {
			isa = PBXFrameworksBuildPhase;
			buildActionMask = 2147483647;
			files = (
			);
			runOnlyForDeploymentPostprocessing = 0;
		};
		B23BCB102F340AF70030B005 /* Frameworks */ = {
			isa = PBXFrameworksBuildPhase;
			buildActionMask = 2147483647;
			files = (
			);
			runOnlyForDeploymentPostprocessing = 0;
		};
		B23BCB1A2F340AF70030B005 /* Frameworks */ = {
			isa = PBXFrameworksBuildPhase;
			buildActionMask = 2147483647;
			files = (
			);
			runOnlyForDeploymentPostprocessing = 0;
		};
/* End PBXFrameworksBuildPhase section */

/* Begin PBXGroup section */
		B23BCAF92F340AF60030B005 = {
			isa = PBXGroup;
			children = (
				B23BCB042F340AF60030B005 /* AIPaperReader */,
				B23BCB162F340AF70030B005 /* AIPaperReaderTests */,
				B23BCB202F340AF70030B005 /* AIPaperReaderUITests */,
				B23BCB032F340AF60030B005 /* Products */,
			);
			sourceTree = "<group>";
		};
		B23BCB032F340AF60030B005 /* Products */ = {
			isa = PBXGroup;
			children = (
				B23BCB022F340AF60030B005 /* AIPaperReader.app */,
				B23BCB132F340AF70030B005 /* AIPaperReaderTests.xctest */,
				B23BCB1D2F340AF70030B005 /* AIPaperReaderUITests.xctest */,
			);
			name = Products;
			sourceTree = "<group>";
		};
/* End PBXGroup section */

/* Begin PBXNativeTarget section */
		B23BCB012F340AF60030B005 /* AIPaperReader */ = {
			isa = PBXNativeTarget;
			buildConfigurationList = B23BCB272F340AF70030B005 /* Build configuration list for PBXNativeTarget "AIPaperReader" */;
			buildPhases = (
				B23BCAFE2F340AF60030B005 /* Sources */,
				B23BCAFF2F340AF60030B005 /* Frameworks */,
				B23BCB002F340AF60030B005 /* Resources */,
			);
			buildRules = (
			);
			dependencies = (
			);
			fileSystemSynchronizedGroups = (
				B23BCB042F340AF60030B005 /* AIPaperReader */,
			);
			name = AIPaperReader;
			packageProductDependencies = (
			);
			productName = AIPaperReader;
			productReference = B23BCB022F340AF60030B005 /* AIPaperReader.app */;
			productType = "com.apple.product-type.application";
		};
		B23BCB122F340AF70030B005 /* AIPaperReaderTests */ = {
			isa = PBXNativeTarget;
			buildConfigurationList = B23BCB2A2F340AF70030B005 /* Build configuration list for PBXNativeTarget "AIPaperReaderTests" */;
			buildPhases = (
				B23BCB0F2F340AF70030B005 /* Sources */,
				B23BCB102F340AF70030B005 /* Frameworks */,
				B23BCB112F340AF70030B005 /* Resources */,
			);
			buildRules = (
			);
			dependencies = (
				B23BCB152F340AF70030B005 /* PBXTargetDependency */,
			);
			fileSystemSynchronizedGroups = (
				B23BCB162F340AF70030B005 /* AIPaperReaderTests */,
			);
			name = AIPaperReaderTests;
			packageProductDependencies = (
			);
			productName = AIPaperReaderTests;
			productReference = B23BCB132F340AF70030B005 /* AIPaperReaderTests.xctest */;
			productType = "com.apple.product-type.bundle.unit-test";
		};
		B23BCB1C2F340AF70030B005 /* AIPaperReaderUITests */ = {
			isa = PBXNativeTarget;
			buildConfigurationList = B23BCB2D2F340AF70030B005 /* Build configuration list for PBXNativeTarget "AIPaperReaderUITests" */;
			buildPhases = (
				B23BCB192F340AF70030B005 /* Sources */,
				B23BCB1A2F340AF70030B005 /* Frameworks */,
				B23BCB1B2F340AF70030B005 /* Resources */,
			);
			buildRules = (
			);
			dependencies = (
				B23BCB1F2F340AF70030B005 /* PBXTargetDependency */,
			);
			fileSystemSynchronizedGroups = (
				B23BCB202F340AF70030B005 /* AIPaperReaderUITests */,
			);
			name = AIPaperReaderUITests;
			packageProductDependencies = (
			);
			productName = AIPaperReaderUITests;
			productReference = B23BCB1D2F340AF70030B005 /* AIPaperReaderUITests.xctest */;
			productType = "com.apple.product-type.bundle.ui-testing";
		};
/* End PBXNativeTarget section */

/* Begin PBXProject section */
		B23BCAFA2F340AF60030B005 /* Project object */ = {
			isa = PBXProject;
			attributes = {
				BuildIndependentTargetsInParallel = 1;
				LastSwiftUpdateCheck = 1620;
				LastUpgradeCheck = 1620;
				TargetAttributes = {
					B23BCB012F340AF60030B005 = {
						CreatedOnToolsVersion = 16.2;
					};
					B23BCB122F340AF70030B005 = {
						CreatedOnToolsVersion = 16.2;
						TestTargetID = B23BCB012F340AF60030B005;
					};
					B23BCB1C2F340AF70030B005 = {
						CreatedOnToolsVersion = 16.2;
						TestTargetID = B23BCB012F340AF60030B005;
					};
				};
			};
			buildConfigurationList = B23BCAFD2F340AF60030B005 /* Build configuration list for PBXProject "AIPaperReader" */;
			developmentRegion = en;
			hasScannedForEncodings = 0;
			knownRegions = (
				en,
				Base,
				"zh-Hans",
				es,
			);
			mainGroup = B23BCAF92F340AF60030B005;
			minimizedProjectReferenceProxies = 1;
			preferredProjectObjectVersion = 77;
			productRefGroup = B23BCB032F340AF60030B005 /* Products */;
			projectDirPath = "";
			projectRoot = "";
			targets = (
				B23BCB012F340AF60030B005 /* AIPaperReader */,
				B23BCB122F340AF70030B005 /* AIPaperReaderTests */,
				B23BCB1C2F340AF70030B005 /* AIPaperReaderUITests */,
			);
		};
/* End PBXProject section */

/* Begin PBXResourcesBuildPhase section */
		B23BCB002F340AF60030B005 /* Resources */ = {
			isa = PBXResourcesBuildPhase;
			buildActionMask = 2147483647;
			files = (
			);
			runOnlyForDeploymentPostprocessing = 0;
		};
		B23BCB112F340AF70030B005 /* Resources */ = {
			isa = PBXResourcesBuildPhase;
			buildActionMask = 2147483647;
			files = (
			);
			runOnlyForDeploymentPostprocessing = 0;
		};
		B23BCB1B2F340AF70030B005 /* Resources */ = {
			isa = PBXResourcesBuildPhase;
			buildActionMask = 2147483647;
			files = (
			);
			runOnlyForDeploymentPostprocessing = 0;
		};
/* End PBXResourcesBuildPhase section */

/* Begin PBXSourcesBuildPhase section */
		B23BCAFE2F340AF60030B005 /* Sources */ = {
			isa = PBXSourcesBuildPhase;
			buildActionMask = 2147483647;
			files = (
			);
			runOnlyForDeploymentPostprocessing = 0;
		};
		B23BCB0F2F340AF70030B005 /* Sources */ = {
			isa = PBXSourcesBuildPhase;
			buildActionMask = 2147483647;
			files = (
			);
			runOnlyForDeploymentPostprocessing = 0;
		};
		B23BCB192F340AF70030B005 /* Sources */ = {
			isa = PBXSourcesBuildPhase;
			buildActionMask = 2147483647;
			files = (
			);
			runOnlyForDeploymentPostprocessing = 0;
		};
/* End PBXSourcesBuildPhase section */

/* Begin PBXTargetDependency section */
		B23BCB152F340AF70030B005 /* PBXTargetDependency */ = {
			isa = PBXTargetDependency;
			target = B23BCB012F340AF60030B005 /* AIPaperReader */;
			targetProxy = B23BCB142F340AF70030B005 /* PBXContainerItemProxy */;
		};
		B23BCB1F2F340AF70030B005 /* PBXTargetDependency */ = {
			isa = PBXTargetDependency;
			target = B23BCB012F340AF60030B005 /* AIPaperReader */;
			targetProxy = B23BCB1E2F340AF70030B005 /* PBXContainerItemProxy */;
		};
/* End PBXTargetDependency section */

/* Begin XCBuildConfiguration section */
		B23BCB252F340AF70030B005 /* Debug */ = {
			isa = XCBuildConfiguration;
			buildSettings = {
				ALWAYS_SEARCH_USER_PATHS = NO;
				ASSETCATALOG_COMPILER_GENERATE_SWIFT_ASSET_SYMBOL_EXTENSIONS = YES;
				CLANG_ANALYZER_NONNULL = YES;
				CLANG_ANALYZER_NUMBER_OBJECT_CONVERSION = YES_AGGRESSIVE;
				CLANG_CXX_LANGUAGE_STANDARD = "gnu++20";
				CLANG_ENABLE_MODULES = YES;
				CLANG_ENABLE_OBJC_ARC = YES;
				CLANG_ENABLE_OBJC_WEAK = YES;
				CLANG_WARN_BLOCK_CAPTURE_AUTORELEASING = YES;
				CLANG_WARN_BOOL_CONVERSION = YES;
				CLANG_WARN_COMMA = YES;
				CLANG_WARN_CONSTANT_CONVERSION = YES;
				CLANG_WARN_DEPRECATED_OBJC_IMPLEMENTATIONS = YES;
				CLANG_WARN_DIRECT_OBJC_ISA_USAGE = YES_ERROR;
				CLANG_WARN_DOCUMENTATION_COMMENTS = YES;
				CLANG_WARN_EMPTY_BODY = YES;
				CLANG_WARN_ENUM_CONVERSION = YES;
				CLANG_WARN_INFINITE_RECURSION = YES;
				CLANG_WARN_INT_CONVERSION = YES;
				CLANG_WARN_NON_LITERAL_NULL_CONVERSION = YES;
				CLANG_WARN_OBJC_IMPLICIT_RETAIN_SELF = YES;
				CLANG_WARN_OBJC_LITERAL_CONVERSION = YES;
				CLANG_WARN_OBJC_ROOT_CLASS = YES_ERROR;
				CLANG_WARN_QUOTED_INCLUDE_IN_FRAMEWORK_HEADER = YES;
				CLANG_WARN_RANGE_LOOP_ANALYSIS = YES;
				CLANG_WARN_STRICT_PROTOTYPES = YES;
				CLANG_WARN_SUSPICIOUS_MOVE = YES;
				CLANG_WARN_UNGUARDED_AVAILABILITY = YES_AGGRESSIVE;
				CLANG_WARN_UNREACHABLE_CODE = YES;
				CLANG_WARN__DUPLICATE_METHOD_MATCH = YES;
				COPY_PHASE_STRIP = NO;
				DEBUG_INFORMATION_FORMAT = dwarf;
				ENABLE_STRICT_OBJC_MSGSEND = YES;
				ENABLE_TESTABILITY = YES;
				ENABLE_USER_SCRIPT_SANDBOXING = YES;
				GCC_C_LANGUAGE_STANDARD = gnu17;
				GCC_DYNAMIC_NO_PIC = NO;
				GCC_NO_COMMON_BLOCKS = YES;
				GCC_OPTIMIZATION_LEVEL = 0;
				GCC_PREPROCESSOR_DEFINITIONS = (
					"DEBUG=1",
					"$(inherited)",
				);
				GCC_WARN_64_TO_32_BIT_CONVERSION = YES;
				GCC_WARN_ABOUT_RETURN_TYPE = YES_ERROR;
				GCC_WARN_UNDECLARED_SELECTOR = YES;
				GCC_WARN_UNINITIALIZED_AUTOS = YES_AGGRESSIVE;
				GCC_WARN_UNUSED_FUNCTION = YES;
				GCC_WARN_UNUSED_VARIABLE = YES;
				LOCALIZATION_PREFERS_STRING_CATALOGS = YES;
				MACOSX_DEPLOYMENT_TARGET = 15.2;
				MTL_ENABLE_DEBUG_INFO = INCLUDE_SOURCE;
				MTL_FAST_MATH = YES;
				ONLY_ACTIVE_ARCH = YES;
				SDKROOT = macosx;
				SWIFT_ACTIVE_COMPILATION_CONDITIONS = "DEBUG $(inherited)";
				SWIFT_OPTIMIZATION_LEVEL = "-Onone";
			};
			name = Debug;
		};
		B23BCB262F340AF70030B005 /* Release */ = {
			isa = XCBuildConfiguration;
			buildSettings = {
				ALWAYS_SEARCH_USER_PATHS = NO;
				ASSETCATALOG_COMPILER_GENERATE_SWIFT_ASSET_SYMBOL_EXTENSIONS = YES;
				CLANG_ANALYZER_NONNULL = YES;
				CLANG_ANALYZER_NUMBER_OBJECT_CONVERSION = YES_AGGRESSIVE;
				CLANG_CXX_LANGUAGE_STANDARD = "gnu++20";
				CLANG_ENABLE_MODULES = YES;
				CLANG_ENABLE_OBJC_ARC = YES;
				CLANG_ENABLE_OBJC_WEAK = YES;
				CLANG_WARN_BLOCK_CAPTURE_AUTORELEASING = YES;
				CLANG_WARN_BOOL_CONVERSION = YES;
				CLANG_WARN_COMMA = YES;
				CLANG_WARN_CONSTANT_CONVERSION = YES;
				CLANG_WARN_DEPRECATED_OBJC_IMPLEMENTATIONS = YES;
				CLANG_WARN_DIRECT_OBJC_ISA_USAGE = YES_ERROR;
				CLANG_WARN_DOCUMENTATION_COMMENTS = YES;
				CLANG_WARN_EMPTY_BODY = YES;
				CLANG_WARN_ENUM_CONVERSION = YES;
				CLANG_WARN_INFINITE_RECURSION = YES;
				CLANG_WARN_INT_CONVERSION = YES;
				CLANG_WARN_NON_LITERAL_NULL_CONVERSION = YES;
				CLANG_WARN_OBJC_IMPLICIT_RETAIN_SELF = YES;
				CLANG_WARN_OBJC_LITERAL_CONVERSION = YES;
				CLANG_WARN_OBJC_ROOT_CLASS = YES_ERROR;
				CLANG_WARN_QUOTED_INCLUDE_IN_FRAMEWORK_HEADER = YES;
				CLANG_WARN_RANGE_LOOP_ANALYSIS = YES;
				CLANG_WARN_STRICT_PROTOTYPES = YES;
				CLANG_WARN_SUSPICIOUS_MOVE = YES;
				CLANG_WARN_UNGUARDED_AVAILABILITY = YES_AGGRESSIVE;
				CLANG_WARN_UNREACHABLE_CODE = YES;
				CLANG_WARN__DUPLICATE_METHOD_MATCH = YES;
				COPY_PHASE_STRIP = NO;
				DEBUG_INFORMATION_FORMAT = "dwarf-with-dsym";
				ENABLE_NS_ASSERTIONS = NO;
				ENABLE_STRICT_OBJC_MSGSEND = YES;
				ENABLE_USER_SCRIPT_SANDBOXING = YES;
				GCC_C_LANGUAGE_STANDARD = gnu17;
				GCC_NO_COMMON_BLOCKS = YES;
				GCC_WARN_64_TO_32_BIT_CONVERSION = YES;
				GCC_WARN_ABOUT_RETURN_TYPE = YES_ERROR;
				GCC_WARN_UNDECLARED_SELECTOR = YES;
				GCC_WARN_UNINITIALIZED_AUTOS = YES_AGGRESSIVE;
				GCC_WARN_UNUSED_FUNCTION = YES;
				GCC_WARN_UNUSED_VARIABLE = YES;
				LOCALIZATION_PREFERS_STRING_CATALOGS = YES;
				MACOSX_DEPLOYMENT_TARGET = 15.2;
				MTL_ENABLE_DEBUG_INFO = NO;
				MTL_FAST_MATH = YES;
				SDKROOT = macosx;
				SWIFT_COMPILATION_MODE = wholemodule;
			};
			name = Release;
		};
		B23BCB282F340AF70030B005 /* Debug */ = {
			isa = XCBuildConfiguration;
			buildSettings = {
				ASSETCATALOG_COMPILER_APPICON_NAME = AppIcon;
				ASSETCATALOG_COMPILER_GLOBAL_ACCENT_COLOR_NAME = AccentColor;
				CODE_SIGN_ENTITLEMENTS = AIPaperReader/AIPaperReader.entitlements;
				CODE_SIGN_STYLE = Automatic;
				COMBINE_HIDPI_IMAGES = YES;
				CURRENT_PROJECT_VERSION = 1;
				DEVELOPMENT_ASSET_PATHS = "\"AIPaperReader/Preview Content\"";
				ENABLE_PREVIEWS = YES;
				GENERATE_INFOPLIST_FILE = YES;
				INFOPLIST_KEY_NSHumanReadableCopyright = "";
				LD_RUNPATH_SEARCH_PATHS = (
					"$(inherited)",
					"@executable_path/../Frameworks",
				);
				MARKETING_VERSION = 1.0;
				PRODUCT_BUNDLE_IDENTIFIER = bioinfoark.AIPaperReader;
				PRODUCT_NAME = "$(TARGET_NAME)";
				SWIFT_EMIT_LOC_STRINGS = YES;
				SWIFT_VERSION = 5.0;
			};
			name = Debug;
		};
		B23BCB292F340AF70030B005 /* Release */ = {
			isa = XCBuildConfiguration;
			buildSettings = {
				ASSETCATALOG_COMPILER_APPICON_NAME = AppIcon;
				ASSETCATALOG_COMPILER_GLOBAL_ACCENT_COLOR_NAME = AccentColor;
				CODE_SIGN_ENTITLEMENTS = AIPaperReader/AIPaperReader.entitlements;
				CODE_SIGN_STYLE = Automatic;
				COMBINE_HIDPI_IMAGES = YES;
				CURRENT_PROJECT_VERSION = 1;
				DEVELOPMENT_ASSET_PATHS = "\"AIPaperReader/Preview Content\"";
				ENABLE_PREVIEWS = YES;
				GENERATE_INFOPLIST_FILE = YES;
				INFOPLIST_KEY_NSHumanReadableCopyright = "";
				LD_RUNPATH_SEARCH_PATHS = (
					"$(inherited)",
					"@executable_path/../Frameworks",
				);
				MARKETING_VERSION = 1.0;
				PRODUCT_BUNDLE_IDENTIFIER = bioinfoark.AIPaperReader;
				PRODUCT_NAME = "$(TARGET_NAME)";
				SWIFT_EMIT_LOC_STRINGS = YES;
				SWIFT_VERSION = 5.0;
			};
			name = Release;
		};
		B23BCB2B2F340AF70030B005 /* Debug */ = {
			isa = XCBuildConfiguration;
			buildSettings = {
				BUNDLE_LOADER = "$(TEST_HOST)";
				CODE_SIGN_STYLE = Automatic;
				CURRENT_PROJECT_VERSION = 1;
				GENERATE_INFOPLIST_FILE = YES;
				MACOSX_DEPLOYMENT_TARGET = 15.2;
				MARKETING_VERSION = 1.0;
				PRODUCT_BUNDLE_IDENTIFIER = bioinfoark.AIPaperReaderTests;
				PRODUCT_NAME = "$(TARGET_NAME)";
				SWIFT_EMIT_LOC_STRINGS = NO;
				SWIFT_VERSION = 5.0;
				TEST_HOST = "$(BUILT_PRODUCTS_DIR)/AIPaperReader.app/$(BUNDLE_EXECUTABLE_FOLDER_PATH)/AIPaperReader";
			};
			name = Debug;
		};
		B23BCB2C2F340AF70030B005 /* Release */ = {
			isa = XCBuildConfiguration;
			buildSettings = {
				BUNDLE_LOADER = "$(TEST_HOST)";
				CODE_SIGN_STYLE = Automatic;
				CURRENT_PROJECT_VERSION = 1;
				GENERATE_INFOPLIST_FILE = YES;
				MACOSX_DEPLOYMENT_TARGET = 15.2;
				MARKETING_VERSION = 1.0;
				PRODUCT_BUNDLE_IDENTIFIER = bioinfoark.AIPaperReaderTests;
				PRODUCT_NAME = "$(TARGET_NAME)";
				SWIFT_EMIT_LOC_STRINGS = NO;
				SWIFT_VERSION = 5.0;
				TEST_HOST = "$(BUILT_PRODUCTS_DIR)/AIPaperReader.app/$(BUNDLE_EXECUTABLE_FOLDER_PATH)/AIPaperReader";
			};
			name = Release;
		};
		B23BCB2E2F340AF70030B005 /* Debug */ = {
			isa = XCBuildConfiguration;
			buildSettings = {
				CODE_SIGN_STYLE = Automatic;
				CURRENT_PROJECT_VERSION = 1;
				GENERATE_INFOPLIST_FILE = YES;
				MARKETING_VERSION = 1.0;
				PRODUCT_BUNDLE_IDENTIFIER = bioinfoark.AIPaperReaderUITests;
				PRODUCT_NAME = "$(TARGET_NAME)";
				SWIFT_EMIT_LOC_STRINGS = NO;
				SWIFT_VERSION = 5.0;
				TEST_TARGET_NAME = AIPaperReader;
			};
			name = Debug;
		};
		B23BCB2F2F340AF70030B005 /* Release */ = {
			isa = XCBuildConfiguration;
			buildSettings = {
				CODE_SIGN_STYLE = Automatic;
				CURRENT_PROJECT_VERSION = 1;
				GENERATE_INFOPLIST_FILE = YES;
				MARKETING_VERSION = 1.0;
				PRODUCT_BUNDLE_IDENTIFIER = bioinfoark.AIPaperReaderUITests;
				PRODUCT_NAME = "$(TARGET_NAME)";
				SWIFT_EMIT_LOC_STRINGS = NO;
				SWIFT_VERSION = 5.0;
				TEST_TARGET_NAME = AIPaperReader;
			};
			name = Release;
		};
/* End XCBuildConfiguration section */

/* Begin XCConfigurationList section */
		B23BCAFD2F340AF60030B005 /* Build configuration list for PBXProject "AIPaperReader" */ = {
			isa = XCConfigurationList;
			buildConfigurations = (
				B23BCB252F340AF70030B005 /* Debug */,
				B23BCB262F340AF70030B005 /* Release */,
			);
			defaultConfigurationIsVisible = 0;
			defaultConfigurationName = Release;
		};
		B23BCB272F340AF70030B005 /* Build configuration list for PBXNativeTarget "AIPaperReader" */ = {
			isa = XCConfigurationList;
			buildConfigurations = (
				B23BCB282F340AF70030B005 /* Debug */,
				B23BCB292F340AF70030B005 /* Release */,
			);
			defaultConfigurationIsVisible = 0;
			defaultConfigurationName = Release;
		};
		B23BCB2A2F340AF70030B005 /* Build configuration list for PBXNativeTarget "AIPaperReaderTests" */ = {
			isa = XCConfigurationList;
			buildConfigurations = (
				B23BCB2B2F340AF70030B005 /* Debug */,
				B23BCB2C2F340AF70030B005 /* Release */,
			);
			defaultConfigurationIsVisible = 0;
			defaultConfigurationName = Release;
		};
		B23BCB2D2F340AF70030B005 /* Build configuration list for PBXNativeTarget "AIPaperReaderUITests" */ = {
			isa = XCConfigurationList;
			buildConfigurations = (
				B23BCB2E2F340AF70030B005 /* Debug */,
				B23BCB2F2F340AF70030B005 /* Release */,
			);
			defaultConfigurationIsVisible = 0;
			defaultConfigurationName = Release;
		};
/* End XCConfigurationList section */
	};
	rootObject = B23BCAFA2F340AF60030B005 /* Project object */;
}
